// !$*UTF8*$!
{
	archiveVersion = 1;
	classes = {
	};
	objectVersion = 50;
	objects = {

/* Begin PBXBuildFile section */
		342898FC23D5912700EBE2AA /* AppDelegate.swift in Sources */ = {isa = PBXBuildFile; fileRef = 342898FB23D5912700EBE2AA /* AppDelegate.swift */; };
		342898FE23D5912700EBE2AA /* SceneDelegate.swift in Sources */ = {isa = PBXBuildFile; fileRef = 342898FD23D5912700EBE2AA /* SceneDelegate.swift */; };
		3428990023D5912700EBE2AA /* ContentView.swift in Sources */ = {isa = PBXBuildFile; fileRef = 342898FF23D5912700EBE2AA /* ContentView.swift */; };
		3428990223D5912900EBE2AA /* Assets.xcassets in Resources */ = {isa = PBXBuildFile; fileRef = 3428990123D5912900EBE2AA /* Assets.xcassets */; };
		3428990523D5912900EBE2AA /* Preview Assets.xcassets in Resources */ = {isa = PBXBuildFile; fileRef = 3428990423D5912900EBE2AA /* Preview Assets.xcassets */; };
		3428990823D5912900EBE2AA /* LaunchScreen.storyboard in Resources */ = {isa = PBXBuildFile; fileRef = 3428990623D5912900EBE2AA /* LaunchScreen.storyboard */; };
		3428991123D595EA00EBE2AA /* words.en.json in Resources */ = {isa = PBXBuildFile; fileRef = 3428990F23D595EA00EBE2AA /* words.en.json */; };
		3428991223D595EA00EBE2AA /* words.de.json in Resources */ = {isa = PBXBuildFile; fileRef = 3428991023D595EA00EBE2AA /* words.de.json */; };
		3428991623D5982B00EBE2AA /* Bundle-Decodable.swift in Sources */ = {isa = PBXBuildFile; fileRef = 3428991523D5982B00EBE2AA /* Bundle-Decodable.swift */; };
		3428991A23D6D76800EBE2AA /* PracticeView.swift in Sources */ = {isa = PBXBuildFile; fileRef = 3428991923D6D76800EBE2AA /* PracticeView.swift */; };
		3428991C23D6D7F400EBE2AA /* PracticeSelectionView.swift in Sources */ = {isa = PBXBuildFile; fileRef = 3428991B23D6D7F400EBE2AA /* PracticeSelectionView.swift */; };
/* End PBXBuildFile section */

/* Begin PBXFileReference section */
		342898F823D5912700EBE2AA /* BlitzReading.app */ = {isa = PBXFileReference; explicitFileType = wrapper.application; includeInIndex = 0; path = BlitzReading.app; sourceTree = BUILT_PRODUCTS_DIR; };
		342898FB23D5912700EBE2AA /* AppDelegate.swift */ = {isa = PBXFileReference; lastKnownFileType = sourcecode.swift; path = AppDelegate.swift; sourceTree = "<group>"; };
		342898FD23D5912700EBE2AA /* SceneDelegate.swift */ = {isa = PBXFileReference; lastKnownFileType = sourcecode.swift; path = SceneDelegate.swift; sourceTree = "<group>"; };
		342898FF23D5912700EBE2AA /* ContentView.swift */ = {isa = PBXFileReference; lastKnownFileType = sourcecode.swift; path = ContentView.swift; sourceTree = "<group>"; };
		3428990123D5912900EBE2AA /* Assets.xcassets */ = {isa = PBXFileReference; lastKnownFileType = folder.assetcatalog; path = Assets.xcassets; sourceTree = "<group>"; };
		3428990423D5912900EBE2AA /* Preview Assets.xcassets */ = {isa = PBXFileReference; lastKnownFileType = folder.assetcatalog; path = "Preview Assets.xcassets"; sourceTree = "<group>"; };
		3428990723D5912900EBE2AA /* Base */ = {isa = PBXFileReference; lastKnownFileType = file.storyboard; name = Base; path = Base.lproj/LaunchScreen.storyboard; sourceTree = "<group>"; };
		3428990923D5912900EBE2AA /* Info.plist */ = {isa = PBXFileReference; lastKnownFileType = text.plist.xml; path = Info.plist; sourceTree = "<group>"; };
		3428990F23D595EA00EBE2AA /* words.en.json */ = {isa = PBXFileReference; fileEncoding = 4; lastKnownFileType = text.json; path = words.en.json; sourceTree = "<group>"; };
		3428991023D595EA00EBE2AA /* words.de.json */ = {isa = PBXFileReference; fileEncoding = 4; lastKnownFileType = text.json; path = words.de.json; sourceTree = "<group>"; };
		3428991523D5982B00EBE2AA /* Bundle-Decodable.swift */ = {isa = PBXFileReference; lastKnownFileType = sourcecode.swift; path = "Bundle-Decodable.swift"; sourceTree = "<group>"; };
		3428991923D6D76800EBE2AA /* PracticeView.swift */ = {isa = PBXFileReference; lastKnownFileType = sourcecode.swift; path = PracticeView.swift; sourceTree = "<group>"; };
		3428991B23D6D7F400EBE2AA /* PracticeSelectionView.swift */ = {isa = PBXFileReference; lastKnownFileType = sourcecode.swift; path = PracticeSelectionView.swift; sourceTree = "<group>"; };
/* End PBXFileReference section */

/* Begin PBXFrameworksBuildPhase section */
		342898F523D5912700EBE2AA /* Frameworks */ = {
			isa = PBXFrameworksBuildPhase;
			buildActionMask = 2147483647;
			files = (
			);
			runOnlyForDeploymentPostprocessing = 0;
		};
/* End PBXFrameworksBuildPhase section */

/* Begin PBXGroup section */
		342898EF23D5912700EBE2AA = {
			isa = PBXGroup;
			children = (
				342898FA23D5912700EBE2AA /* BlitzReading */,
				342898F923D5912700EBE2AA /* Products */,
			);
			sourceTree = "<group>";
		};
		342898F923D5912700EBE2AA /* Products */ = {
			isa = PBXGroup;
			children = (
				342898F823D5912700EBE2AA /* BlitzReading.app */,
			);
			name = Products;
			sourceTree = "<group>";
		};
		342898FA23D5912700EBE2AA /* BlitzReading */ = {
			isa = PBXGroup;
			children = (
				342898FB23D5912700EBE2AA /* AppDelegate.swift */,
				342898FD23D5912700EBE2AA /* SceneDelegate.swift */,
				342898FF23D5912700EBE2AA /* ContentView.swift */,
				3428991023D595EA00EBE2AA /* words.de.json */,
				3428990F23D595EA00EBE2AA /* words.en.json */,
				3428990123D5912900EBE2AA /* Assets.xcassets */,
				3428990623D5912900EBE2AA /* LaunchScreen.storyboard */,
				3428990923D5912900EBE2AA /* Info.plist */,
				3428990323D5912900EBE2AA /* Preview Content */,
				3428991523D5982B00EBE2AA /* Bundle-Decodable.swift */,
				3428991923D6D76800EBE2AA /* PracticeView.swift */,
				3428991B23D6D7F400EBE2AA /* PracticeSelectionView.swift */,
			);
			path = BlitzReading;
			sourceTree = "<group>";
		};
		3428990323D5912900EBE2AA /* Preview Content */ = {
			isa = PBXGroup;
			children = (
				3428990423D5912900EBE2AA /* Preview Assets.xcassets */,
			);
			path = "Preview Content";
			sourceTree = "<group>";
		};
/* End PBXGroup section */

/* Begin PBXNativeTarget section */
		342898F723D5912700EBE2AA /* BlitzReading */ = {
			isa = PBXNativeTarget;
			buildConfigurationList = 3428990C23D5912900EBE2AA /* Build configuration list for PBXNativeTarget "BlitzReading" */;
			buildPhases = (
				342898F423D5912700EBE2AA /* Sources */,
				342898F523D5912700EBE2AA /* Frameworks */,
				342898F623D5912700EBE2AA /* Resources */,
			);
			buildRules = (
			);
			dependencies = (
			);
			name = BlitzReading;
			productName = BlitzReading;
			productReference = 342898F823D5912700EBE2AA /* BlitzReading.app */;
			productType = "com.apple.product-type.application";
		};
/* End PBXNativeTarget section */

/* Begin PBXProject section */
		342898F023D5912700EBE2AA /* Project object */ = {
			isa = PBXProject;
			attributes = {
				LastSwiftUpdateCheck = 1130;
				LastUpgradeCheck = 1130;
				ORGANIZATIONNAME = "Vitali Tatarintev";
				TargetAttributes = {
					342898F723D5912700EBE2AA = {
						CreatedOnToolsVersion = 11.3;
					};
				};
			};
			buildConfigurationList = 342898F323D5912700EBE2AA /* Build configuration list for PBXProject "BlitzReading" */;
			compatibilityVersion = "Xcode 9.3";
			developmentRegion = en;
			hasScannedForEncodings = 0;
			knownRegions = (
				en,
				Base,
			);
			mainGroup = 342898EF23D5912700EBE2AA;
			productRefGroup = 342898F923D5912700EBE2AA /* Products */;
			projectDirPath = "";
			projectRoot = "";
			targets = (
				342898F723D5912700EBE2AA /* BlitzReading */,
			);
		};
/* End PBXProject section */

/* Begin PBXResourcesBuildPhase section */
		342898F623D5912700EBE2AA /* Resources */ = {
			isa = PBXResourcesBuildPhase;
			buildActionMask = 2147483647;
			files = (
				3428991223D595EA00EBE2AA /* words.de.json in Resources */,
				3428990823D5912900EBE2AA /* LaunchScreen.storyboard in Resources */,
				3428991123D595EA00EBE2AA /* words.en.json in Resources */,
				3428990523D5912900EBE2AA /* Preview Assets.xcassets in Resources */,
				3428990223D5912900EBE2AA /* Assets.xcassets in Resources */,
			);
			runOnlyForDeploymentPostprocessing = 0;
		};
/* End PBXResourcesBuildPhase section */

/* Begin PBXSourcesBuildPhase section */
		342898F423D5912700EBE2AA /* Sources */ = {
			isa = PBXSourcesBuildPhase;
			buildActionMask = 2147483647;
			files = (
				3428991C23D6D7F400EBE2AA /* PracticeSelectionView.swift in Sources */,
				342898FC23D5912700EBE2AA /* AppDelegate.swift in Sources */,
				3428991A23D6D76800EBE2AA /* PracticeView.swift in Sources */,
				3428991623D5982B00EBE2AA /* Bundle-Decodable.swift in Sources */,
				342898FE23D5912700EBE2AA /* SceneDelegate.swift in Sources */,
				3428990023D5912700EBE2AA /* ContentView.swift in Sources */,
			);
			runOnlyForDeploymentPostprocessing = 0;
		};
/* End PBXSourcesBuildPhase section */

/* Begin PBXVariantGroup section */
		3428990623D5912900EBE2AA /* LaunchScreen.storyboard */ = {
			isa = PBXVariantGroup;
			children = (
				3428990723D5912900EBE2AA /* Base */,
			);
			name = LaunchScreen.storyboard;
			sourceTree = "<group>";
		};
/* End PBXVariantGroup section */

/* Begin XCBuildConfiguration section */
		3428990A23D5912900EBE2AA /* Debug */ = {
			isa = XCBuildConfiguration;
			buildSettings = {
				ALWAYS_SEARCH_USER_PATHS = NO;
				CLANG_ANALYZER_NONNULL = YES;
				CLANG_ANALYZER_NUMBER_OBJECT_CONVERSION = YES_AGGRESSIVE;
				CLANG_CXX_LANGUAGE_STANDARD = "gnu++14";
				CLANG_CXX_LIBRARY = "libc++";
				CLANG_ENABLE_MODULES = YES;
				CLANG_ENABLE_OBJC_ARC = YES;
				CLANG_ENABLE_OBJC_WEAK = YES;
				CLANG_WARN_BLOCK_CAPTURE_AUTORELEASING = YES;
				CLANG_WARN_BOOL_CONVERSION = YES;
				CLANG_WARN_COMMA = YES;
				CLANG_WARN_CONSTANT_CONVERSION = YES;
				CLANG_WARN_DEPRECATED_OBJC_IMPLEMENTATIONS = YES;
				CLANG_WARN_DIRECT_OBJC_ISA_USAGE = YES_ERROR;
				CLANG_WARN_DOCUMENTATION_COMMENTS = YES;
				CLANG_WARN_EMPTY_BODY = YES;
				CLANG_WARN_ENUM_CONVERSION = YES;
				CLANG_WARN_INFINITE_RECURSION = YES;
				CLANG_WARN_INT_CONVERSION = YES;
				CLANG_WARN_NON_LITERAL_NULL_CONVERSION = YES;
				CLANG_WARN_OBJC_IMPLICIT_RETAIN_SELF = YES;
				CLANG_WARN_OBJC_LITERAL_CONVERSION = YES;
				CLANG_WARN_OBJC_ROOT_CLASS = YES_ERROR;
				CLANG_WARN_RANGE_LOOP_ANALYSIS = YES;
				CLANG_WARN_STRICT_PROTOTYPES = YES;
				CLANG_WARN_SUSPICIOUS_MOVE = YES;
				CLANG_WARN_UNGUARDED_AVAILABILITY = YES_AGGRESSIVE;
				CLANG_WARN_UNREACHABLE_CODE = YES;
				CLANG_WARN__DUPLICATE_METHOD_MATCH = YES;
				COPY_PHASE_STRIP = NO;
				DEBUG_INFORMATION_FORMAT = dwarf;
				ENABLE_STRICT_OBJC_MSGSEND = YES;
				ENABLE_TESTABILITY = YES;
				GCC_C_LANGUAGE_STANDARD = gnu11;
				GCC_DYNAMIC_NO_PIC = NO;
				GCC_NO_COMMON_BLOCKS = YES;
				GCC_OPTIMIZATION_LEVEL = 0;
				GCC_PREPROCESSOR_DEFINITIONS = (
					"DEBUG=1",
					"$(inherited)",
				);
				GCC_WARN_64_TO_32_BIT_CONVERSION = YES;
				GCC_WARN_ABOUT_RETURN_TYPE = YES_ERROR;
				GCC_WARN_UNDECLARED_SELECTOR = YES;
				GCC_WARN_UNINITIALIZED_AUTOS = YES_AGGRESSIVE;
				GCC_WARN_UNUSED_FUNCTION = YES;
				GCC_WARN_UNUSED_VARIABLE = YES;
				IPHONEOS_DEPLOYMENT_TARGET = 13.2;
				MTL_ENABLE_DEBUG_INFO = INCLUDE_SOURCE;
				MTL_FAST_MATH = YES;
				ONLY_ACTIVE_ARCH = YES;
				SDKROOT = iphoneos;
				SWIFT_ACTIVE_COMPILATION_CONDITIONS = DEBUG;
				SWIFT_OPTIMIZATION_LEVEL = "-Onone";
			};
			name = Debug;
		};
		3428990B23D5912900EBE2AA /* Release */ = {
			isa = XCBuildConfiguration;
			buildSettings = {
				ALWAYS_SEARCH_USER_PATHS = NO;
				CLANG_ANALYZER_NONNULL = YES;
				CLANG_ANALYZER_NUMBER_OBJECT_CONVERSION = YES_AGGRESSIVE;
				CLANG_CXX_LANGUAGE_STANDARD = "gnu++14";
				CLANG_CXX_LIBRARY = "libc++";
				CLANG_ENABLE_MODULES = YES;
				CLANG_ENABLE_OBJC_ARC = YES;
				CLANG_ENABLE_OBJC_WEAK = YES;
				CLANG_WARN_BLOCK_CAPTURE_AUTORELEASING = YES;
				CLANG_WARN_BOOL_CONVERSION = YES;
				CLANG_WARN_COMMA = YES;
				CLANG_WARN_CONSTANT_CONVERSION = YES;
				CLANG_WARN_DEPRECATED_OBJC_IMPLEMENTATIONS = YES;
				CLANG_WARN_DIRECT_OBJC_ISA_USAGE = YES_ERROR;
				CLANG_WARN_DOCUMENTATION_COMMENTS = YES;
				CLANG_WARN_EMPTY_BODY = YES;
				CLANG_WARN_ENUM_CONVERSION = YES;
				CLANG_WARN_INFINITE_RECURSION = YES;
				CLANG_WARN_INT_CONVERSION = YES;
				CLANG_WARN_NON_LITERAL_NULL_CONVERSION = YES;
				CLANG_WARN_OBJC_IMPLICIT_RETAIN_SELF = YES;
				CLANG_WARN_OBJC_LITERAL_CONVERSION = YES;
				CLANG_WARN_OBJC_ROOT_CLASS = YES_ERROR;
				CLANG_WARN_RANGE_LOOP_ANALYSIS = YES;
				CLANG_WARN_STRICT_PROTOTYPES = YES;
				CLANG_WARN_SUSPICIOUS_MOVE = YES;
				CLANG_WARN_UNGUARDED_AVAILABILITY = YES_AGGRESSIVE;
				CLANG_WARN_UNREACHABLE_CODE = YES;
				CLANG_WARN__DUPLICATE_METHOD_MATCH = YES;
				COPY_PHASE_STRIP = NO;
				DEBUG_INFORMATION_FORMAT = "dwarf-with-dsym";
				ENABLE_NS_ASSERTIONS = NO;
				ENABLE_STRICT_OBJC_MSGSEND = YES;
				GCC_C_LANGUAGE_STANDARD = gnu11;
				GCC_NO_COMMON_BLOCKS = YES;
				GCC_WARN_64_TO_32_BIT_CONVERSION = YES;
				GCC_WARN_ABOUT_RETURN_TYPE = YES_ERROR;
				GCC_WARN_UNDECLARED_SELECTOR = YES;
				GCC_WARN_UNINITIALIZED_AUTOS = YES_AGGRESSIVE;
				GCC_WARN_UNUSED_FUNCTION = YES;
				GCC_WARN_UNUSED_VARIABLE = YES;
				IPHONEOS_DEPLOYMENT_TARGET = 13.2;
				MTL_ENABLE_DEBUG_INFO = NO;
				MTL_FAST_MATH = YES;
				SDKROOT = iphoneos;
				SWIFT_COMPILATION_MODE = wholemodule;
				SWIFT_OPTIMIZATION_LEVEL = "-O";
				VALIDATE_PRODUCT = YES;
			};
			name = Release;
		};
		3428990D23D5912900EBE2AA /* Debug */ = {
			isa = XCBuildConfiguration;
			buildSettings = {
				ASSETCATALOG_COMPILER_APPICON_NAME = AppIcon;
				CODE_SIGN_STYLE = Automatic;
				DEVELOPMENT_ASSET_PATHS = "\"BlitzReading/Preview Content\"";
				DEVELOPMENT_TEAM = 855DKE28RW;
				ENABLE_PREVIEWS = YES;
				INFOPLIST_FILE = BlitzReading/Info.plist;
				LD_RUNPATH_SEARCH_PATHS = (
					"$(inherited)",
					"@executable_path/Frameworks",
				);
				PRODUCT_BUNDLE_IDENTIFIER = ck3g.tatarintev.vitali.BlitzReading;
				PRODUCT_NAME = "$(TARGET_NAME)";
				SWIFT_VERSION = 5.0;
				TARGETED_DEVICE_FAMILY = "1,2";
			};
			name = Debug;
		};
		3428990E23D5912900EBE2AA /* Release */ = {
			isa = XCBuildConfiguration;
			buildSettings = {
				ASSETCATALOG_COMPILER_APPICON_NAME = AppIcon;
				CODE_SIGN_STYLE = Automatic;
				DEVELOPMENT_ASSET_PATHS = "\"BlitzReading/Preview Content\"";
				DEVELOPMENT_TEAM = 855DKE28RW;
				ENABLE_PREVIEWS = YES;
				INFOPLIST_FILE = BlitzReading/Info.plist;
				LD_RUNPATH_SEARCH_PATHS = (
					"$(inherited)",
					"@executable_path/Frameworks",
				);
				PRODUCT_BUNDLE_IDENTIFIER = ck3g.tatarintev.vitali.BlitzReading;
				PRODUCT_NAME = "$(TARGET_NAME)";
				SWIFT_VERSION = 5.0;
				TARGETED_DEVICE_FAMILY = "1,2";
			};
			name = Release;
		};
/* End XCBuildConfiguration section */

/* Begin XCConfigurationList section */
		342898F323D5912700EBE2AA /* Build configuration list for PBXProject "BlitzReading" */ = {
			isa = XCConfigurationList;
			buildConfigurations = (
				3428990A23D5912900EBE2AA /* Debug */,
				3428990B23D5912900EBE2AA /* Release */,
			);
			defaultConfigurationIsVisible = 0;
			defaultConfigurationName = Release;
		};
		3428990C23D5912900EBE2AA /* Build configuration list for PBXNativeTarget "BlitzReading" */ = {
			isa = XCConfigurationList;
			buildConfigurations = (
				3428990D23D5912900EBE2AA /* Debug */,
				3428990E23D5912900EBE2AA /* Release */,
			);
			defaultConfigurationIsVisible = 0;
			defaultConfigurationName = Release;
		};
/* End XCConfigurationList section */
	};
	rootObject = 342898F023D5912700EBE2AA /* Project object */;
}
